
Microsoft Visual Studio Solution File, Format Version 12.00
# Visual Studio 15
VisualStudioVersion = 15.0.28010.2048
MinimumVisualStudioVersion = 10.0.40219.1
Project("{FAE04EC0-301F-11D3-BF4B-00C04F79EFBC}") = "FirstApp.Android", "FirstApp\FirstApp.Android\FirstApp.Android.csproj", "{F707C351-0D31-4E89-A86E-36C5B00A1947}"
EndProject
Project("{FAE04EC0-301F-11D3-BF4B-00C04F79EFBC}") = "FirstApp.iOS", "FirstApp\FirstApp.iOS\FirstApp.iOS.csproj", "{46D53F4E-005E-4556-AFF8-4821666A610C}"
EndProject
Project("{FAE04EC0-301F-11D3-BF4B-00C04F79EFBC}") = "FirstApp", "FirstApp\FirstApp\FirstApp.csproj", "{719C4029-BC1E-4746-BFBA-C1CA3CF4A4B8}"
EndProject
Global
	GlobalSection(SolutionConfigurationPlatforms) = preSolution
		Ad-Hoc|Any CPU = Ad-Hoc|Any CPU
		Ad-Hoc|iPhone = Ad-Hoc|iPhone
		Ad-Hoc|iPhoneSimulator = Ad-Hoc|iPhoneSimulator
		AppStore|Any CPU = AppStore|Any CPU
		AppStore|iPhone = AppStore|iPhone
		AppStore|iPhoneSimulator = AppStore|iPhoneSimulator
		Debug|Any CPU = Debug|Any CPU
		Debug|iPhone = Debug|iPhone
		Debug|iPhoneSimulator = Debug|iPhoneSimulator
		Release|Any CPU = Release|Any CPU
		Release|iPhone = Release|iPhone
		Release|iPhoneSimulator = Release|iPhoneSimulator
	EndGlobalSection
	GlobalSection(ProjectConfigurationPlatforms) = postSolution
		{F707C351-0D31-4E89-A86E-36C5B00A1947}.Ad-Hoc|Any CPU.ActiveCfg = Release|Any CPU
		{F707C351-0D31-4E89-A86E-36C5B00A1947}.Ad-Hoc|Any CPU.Build.0 = Release|Any CPU
		{F707C351-0D31-4E89-A86E-36C5B00A1947}.Ad-Hoc|Any CPU.Deploy.0 = Release|Any CPU
		{F707C351-0D31-4E89-A86E-36C5B00A1947}.Ad-Hoc|iPhone.ActiveCfg = Release|Any CPU
		{F707C351-0D31-4E89-A86E-36C5B00A1947}.Ad-Hoc|iPhone.Build.0 = Release|Any CPU
		{F707C351-0D31-4E89-A86E-36C5B00A1947}.Ad-Hoc|iPhone.Deploy.0 = Release|Any CPU
		{F707C351-0D31-4E89-A86E-36C5B00A1947}.Ad-Hoc|iPhoneSimulator.ActiveCfg = Release|Any CPU
		{F707C351-0D31-4E89-A86E-36C5B00A1947}.Ad-Hoc|iPhoneSimulator.Build.0 = Release|Any CPU
		{F707C351-0D31-4E89-A86E-36C5B00A1947}.Ad-Hoc|iPhoneSimulator.Deploy.0 = Release|Any CPU
		{F707C351-0D31-4E89-A86E-36C5B00A1947}.AppStore|Any CPU.ActiveCfg = Release|Any CPU
		{F707C351-0D31-4E89-A86E-36C5B00A1947}.AppStore|Any CPU.Build.0 = Release|Any CPU
		{F707C351-0D31-4E89-A86E-36C5B00A1947}.AppStore|Any CPU.Deploy.0 = Release|Any CPU
		{F707C351-0D31-4E89-A86E-36C5B00A1947}.AppStore|iPhone.ActiveCfg = Release|Any CPU
		{F707C351-0D31-4E89-A86E-36C5B00A1947}.AppStore|iPhone.Build.0 = Release|Any CPU
		{F707C351-0D31-4E89-A86E-36C5B00A1947}.AppStore|iPhone.Deploy.0 = Release|Any CPU
		{F707C351-0D31-4E89-A86E-36C5B00A1947}.AppStore|iPhoneSimulator.ActiveCfg = Release|Any CPU
		{F707C351-0D31-4E89-A86E-36C5B00A1947}.AppStore|iPhoneSimulator.Build.0 = Release|Any CPU
		{F707C351-0D31-4E89-A86E-36C5B00A1947}.AppStore|iPhoneSimulator.Deploy.0 = Release|Any CPU
		{F707C351-0D31-4E89-A86E-36C5B00A1947}.Debug|Any CPU.ActiveCfg = Debug|Any CPU
		{F707C351-0D31-4E89-A86E-36C5B00A1947}.Debug|Any CPU.Build.0 = Debug|Any CPU
		{F707C351-0D31-4E89-A86E-36C5B00A1947}.Debug|Any CPU.Deploy.0 = Debug|Any CPU
		{F707C351-0D31-4E89-A86E-36C5B00A1947}.Debug|iPhone.ActiveCfg = Debug|Any CPU
		{F707C351-0D31-4E89-A86E-36C5B00A1947}.Debug|iPhone.Build.0 = Debug|Any CPU
		{F707C351-0D31-4E89-A86E-36C5B00A1947}.Debug|iPhone.Deploy.0 = Debug|Any CPU
		{F707C351-0D31-4E89-A86E-36C5B00A1947}.Debug|iPhoneSimulator.ActiveCfg = Debug|Any CPU
		{F707C351-0D31-4E89-A86E-36C5B00A1947}.Debug|iPhoneSimulator.Build.0 = Debug|Any CPU
		{F707C351-0D31-4E89-A86E-36C5B00A1947}.Debug|iPhoneSimulator.Deploy.0 = Debug|Any CPU
		{F707C351-0D31-4E89-A86E-36C5B00A1947}.Release|Any CPU.ActiveCfg = Release|Any CPU
		{F707C351-0D31-4E89-A86E-36C5B00A1947}.Release|Any CPU.Build.0 = Release|Any CPU
		{F707C351-0D31-4E89-A86E-36C5B00A1947}.Release|Any CPU.Deploy.0 = Release|Any CPU
		{F707C351-0D31-4E89-A86E-36C5B00A1947}.Release|iPhone.ActiveCfg = Release|Any CPU
		{F707C351-0D31-4E89-A86E-36C5B00A1947}.Release|iPhone.Build.0 = Release|Any CPU
		{F707C351-0D31-4E89-A86E-36C5B00A1947}.Release|iPhone.Deploy.0 = Release|Any CPU
		{F707C351-0D31-4E89-A86E-36C5B00A1947}.Release|iPhoneSimulator.ActiveCfg = Release|Any CPU
		{F707C351-0D31-4E89-A86E-36C5B00A1947}.Release|iPhoneSimulator.Build.0 = Release|Any CPU
		{F707C351-0D31-4E89-A86E-36C5B00A1947}.Release|iPhoneSimulator.Deploy.0 = Release|Any CPU
		{46D53F4E-005E-4556-AFF8-4821666A610C}.Ad-Hoc|Any CPU.ActiveCfg = Ad-Hoc|iPhone
		{46D53F4E-005E-4556-AFF8-4821666A610C}.Ad-Hoc|Any CPU.Build.0 = Ad-Hoc|iPhone
		{46D53F4E-005E-4556-AFF8-4821666A610C}.Ad-Hoc|Any CPU.Deploy.0 = Ad-Hoc|iPhone
		{46D53F4E-005E-4556-AFF8-4821666A610C}.Ad-Hoc|iPhone.ActiveCfg = Ad-Hoc|iPhone
		{46D53F4E-005E-4556-AFF8-4821666A610C}.Ad-Hoc|iPhone.Build.0 = Ad-Hoc|iPhone
		{46D53F4E-005E-4556-AFF8-4821666A610C}.Ad-Hoc|iPhone.Deploy.0 = Ad-Hoc|iPhone
		{46D53F4E-005E-4556-AFF8-4821666A610C}.Ad-Hoc|iPhoneSimulator.ActiveCfg = Ad-Hoc|iPhoneSimulator
		{46D53F4E-005E-4556-AFF8-4821666A610C}.Ad-Hoc|iPhoneSimulator.Build.0 = Ad-Hoc|iPhoneSimulator
		{46D53F4E-005E-4556-AFF8-4821666A610C}.Ad-Hoc|iPhoneSimulator.Deploy.0 = Ad-Hoc|iPhoneSimulator
		{46D53F4E-005E-4556-AFF8-4821666A610C}.AppStore|Any CPU.ActiveCfg = AppStore|iPhone
		{46D53F4E-005E-4556-AFF8-4821666A610C}.AppStore|Any CPU.Build.0 = AppStore|iPhone
		{46D53F4E-005E-4556-AFF8-4821666A610C}.AppStore|Any CPU.Deploy.0 = AppStore|iPhone
		{46D53F4E-005E-4556-AFF8-4821666A610C}.AppStore|iPhone.ActiveCfg = AppStore|iPhone
		{46D53F4E-005E-4556-AFF8-4821666A610C}.AppStore|iPhone.Build.0 = AppStore|iPhone
		{46D53F4E-005E-4556-AFF8-4821666A610C}.AppStore|iPhone.Deploy.0 = AppStore|iPhone
		{46D53F4E-005E-4556-AFF8-4821666A610C}.AppStore|iPhoneSimulator.ActiveCfg = AppStore|iPhoneSimulator
		{46D53F4E-005E-4556-AFF8-4821666A610C}.AppStore|iPhoneSimulator.Build.0 = AppStore|iPhoneSimulator
		{46D53F4E-005E-4556-AFF8-4821666A610C}.AppStore|iPhoneSimulator.Deploy.0 = AppStore|iPhoneSimulator
		{46D53F4E-005E-4556-AFF8-4821666A610C}.Debug|Any CPU.ActiveCfg = Debug|iPhoneSimulator
		{46D53F4E-005E-4556-AFF8-4821666A610C}.Debug|Any CPU.Build.0 = Debug|iPhoneSimulator
		{46D53F4E-005E-4556-AFF8-4821666A610C}.Debug|Any CPU.Deploy.0 = Debug|iPhoneSimulator
		{46D53F4E-005E-4556-AFF8-4821666A610C}.Debug|iPhone.ActiveCfg = Debug|iPhone
		{46D53F4E-005E-4556-AFF8-4821666A610C}.Debug|iPhone.Build.0 = Debug|iPhone
		{46D53F4E-005E-4556-AFF8-4821666A610C}.Debug|iPhone.Deploy.0 = Debug|iPhone
		{46D53F4E-005E-4556-AFF8-4821666A610C}.Debug|iPhoneSimulator.ActiveCfg = Debug|iPhoneSimulator
		{46D53F4E-005E-4556-AFF8-4821666A610C}.Debug|iPhoneSimulator.Build.0 = Debug|iPhoneSimulator
		{46D53F4E-005E-4556-AFF8-4821666A610C}.Debug|iPhoneSimulator.Deploy.0 = Debug|iPhoneSimulator
		{46D53F4E-005E-4556-AFF8-4821666A610C}.Release|Any CPU.ActiveCfg = Release|iPhone
		{46D53F4E-005E-4556-AFF8-4821666A610C}.Release|Any CPU.Build.0 = Release|iPhone
		{46D53F4E-005E-4556-AFF8-4821666A610C}.Release|Any CPU.Deploy.0 = Release|iPhone
		{46D53F4E-005E-4556-AFF8-4821666A610C}.Release|iPhone.ActiveCfg = Release|iPhone
		{46D53F4E-005E-4556-AFF8-4821666A610C}.Release|iPhone.Build.0 = Release|iPhone
		{46D53F4E-005E-4556-AFF8-4821666A610C}.Release|iPhone.Deploy.0 = Release|iPhone
		{46D53F4E-005E-4556-AFF8-4821666A610C}.Release|iPhoneSimulator.ActiveCfg = Release|iPhoneSimulator
		{46D53F4E-005E-4556-AFF8-4821666A610C}.Release|iPhoneSimulator.Build.0 = Release|iPhoneSimulator
		{46D53F4E-005E-4556-AFF8-4821666A610C}.Release|iPhoneSimulator.Deploy.0 = Release|iPhoneSimulator
		{719C4029-BC1E-4746-BFBA-C1CA3CF4A4B8}.Ad-Hoc|Any CPU.ActiveCfg = Debug|Any CPU
		{719C4029-BC1E-4746-BFBA-C1CA3CF4A4B8}.Ad-Hoc|Any CPU.Build.0 = Debug|Any CPU
		{719C4029-BC1E-4746-BFBA-C1CA3CF4A4B8}.Ad-Hoc|Any CPU.Deploy.0 = Debug|Any CPU
		{719C4029-BC1E-4746-BFBA-C1CA3CF4A4B8}.Ad-Hoc|iPhone.ActiveCfg = Debug|Any CPU
		{719C4029-BC1E-4746-BFBA-C1CA3CF4A4B8}.Ad-Hoc|iPhone.Build.0 = Debug|Any CPU
		{719C4029-BC1E-4746-BFBA-C1CA3CF4A4B8}.Ad-Hoc|iPhone.Deploy.0 = Debug|Any CPU
		{719C4029-BC1E-4746-BFBA-C1CA3CF4A4B8}.Ad-Hoc|iPhoneSimulator.ActiveCfg = Debug|Any CPU
		{719C4029-BC1E-4746-BFBA-C1CA3CF4A4B8}.Ad-Hoc|iPhoneSimulator.Build.0 = Debug|Any CPU
		{719C4029-BC1E-4746-BFBA-C1CA3CF4A4B8}.Ad-Hoc|iPhoneSimulator.Deploy.0 = Debug|Any CPU
		{719C4029-BC1E-4746-BFBA-C1CA3CF4A4B8}.AppStore|Any CPU.ActiveCfg = Debug|Any CPU
		{719C4029-BC1E-4746-BFBA-C1CA3CF4A4B8}.AppStore|Any CPU.Build.0 = Debug|Any CPU
		{719C4029-BC1E-4746-BFBA-C1CA3CF4A4B8}.AppStore|Any CPU.Deploy.0 = Debug|Any CPU
		{719C4029-BC1E-4746-BFBA-C1CA3CF4A4B8}.AppStore|iPhone.ActiveCfg = Debug|Any CPU
		{719C4029-BC1E-4746-BFBA-C1CA3CF4A4B8}.AppStore|iPhone.Build.0 = Debug|Any CPU
		{719C4029-BC1E-4746-BFBA-C1CA3CF4A4B8}.AppStore|iPhone.Deploy.0 = Debug|Any CPU
		{719C4029-BC1E-4746-BFBA-C1CA3CF4A4B8}.AppStore|iPhoneSimulator.ActiveCfg = Debug|Any CPU
		{719C4029-BC1E-4746-BFBA-C1CA3CF4A4B8}.AppStore|iPhoneSimulator.Build.0 = Debug|Any CPU
		{719C4029-BC1E-4746-BFBA-C1CA3CF4A4B8}.AppStore|iPhoneSimulator.Deploy.0 = Debug|Any CPU
		{719C4029-BC1E-4746-BFBA-C1CA3CF4A4B8}.Debug|Any CPU.ActiveCfg = Debug|Any CPU
		{719C4029-BC1E-4746-BFBA-C1CA3CF4A4B8}.Debug|Any CPU.Build.0 = Debug|Any CPU
		{719C4029-BC1E-4746-BFBA-C1CA3CF4A4B8}.Debug|Any CPU.Deploy.0 = Debug|Any CPU
		{719C4029-BC1E-4746-BFBA-C1CA3CF4A4B8}.Debug|iPhone.ActiveCfg = Debug|Any CPU
		{719C4029-BC1E-4746-BFBA-C1CA3CF4A4B8}.Debug|iPhone.Build.0 = Debug|Any CPU
		{719C4029-BC1E-4746-BFBA-C1CA3CF4A4B8}.Debug|iPhone.Deploy.0 = Debug|Any CPU
		{719C4029-BC1E-4746-BFBA-C1CA3CF4A4B8}.Debug|iPhoneSimulator.ActiveCfg = Debug|Any CPU
		{719C4029-BC1E-4746-BFBA-C1CA3CF4A4B8}.Debug|iPhoneSimulator.Build.0 = Debug|Any CPU
		{719C4029-BC1E-4746-BFBA-C1CA3CF4A4B8}.Debug|iPhoneSimulator.Deploy.0 = Debug|Any CPU
		{719C4029-BC1E-4746-BFBA-C1CA3CF4A4B8}.Release|Any CPU.ActiveCfg = Release|Any CPU
		{719C4029-BC1E-4746-BFBA-C1CA3CF4A4B8}.Release|Any CPU.Build.0 = Release|Any CPU
		{719C4029-BC1E-4746-BFBA-C1CA3CF4A4B8}.Release|Any CPU.Deploy.0 = Release|Any CPU
		{719C4029-BC1E-4746-BFBA-C1CA3CF4A4B8}.Release|iPhone.ActiveCfg = Release|Any CPU
		{719C4029-BC1E-4746-BFBA-C1CA3CF4A4B8}.Release|iPhone.Build.0 = Release|Any CPU
		{719C4029-BC1E-4746-BFBA-C1CA3CF4A4B8}.Release|iPhone.Deploy.0 = Release|Any CPU
		{719C4029-BC1E-4746-BFBA-C1CA3CF4A4B8}.Release|iPhoneSimulator.ActiveCfg = Release|Any CPU
		{719C4029-BC1E-4746-BFBA-C1CA3CF4A4B8}.Release|iPhoneSimulator.Build.0 = Release|Any CPU
		{719C4029-BC1E-4746-BFBA-C1CA3CF4A4B8}.Release|iPhoneSimulator.Deploy.0 = Release|Any CPU
	EndGlobalSection
	GlobalSection(SolutionProperties) = preSolution
		HideSolutionNode = FALSE
	EndGlobalSection
	GlobalSection(ExtensibilityGlobals) = postSolution
		SolutionGuid = {93415408-C786-4E73-86C6-B152F6923CD7}
	EndGlobalSection
EndGlobal
